
Microsoft Visual Studio Solution File, Format Version 12.00
# Visual Studio Version 17
VisualStudioVersion = 17.0.31912.275
MinimumVisualStudioVersion = 10.0.40219.1
Project("{FAE04EC0-301F-11D3-BF4B-00C04F79EFBC}") = "Lab_8.1", "Lab_8\Lab_8.1.csproj", "{0C7CF5F0-A15E-49B4-9F0B-98DC97B24864}"
EndProject
Project("{FAE04EC0-301F-11D3-BF4B-00C04F79EFBC}") = "Lab_8.2", "Lab_8.2\Lab_8.2.csproj", "{B11C9C61-AB57-4FF8-BC13-681ED60867E7}"
EndProject
Global
	GlobalSection(SolutionConfigurationPlatforms) = preSolution
		Debug|Any CPU = Debug|Any CPU
		Release|Any CPU = Release|Any CPU
	EndGlobalSection
	GlobalSection(ProjectConfigurationPlatforms) = postSolution
		{0C7CF5F0-A15E-49B4-9F0B-98DC97B24864}.Debug|Any CPU.ActiveCfg = Debug|Any CPU
		{0C7CF5F0-A15E-49B4-9F0B-98DC97B24864}.Debug|Any CPU.Build.0 = Debug|Any CPU
		{0C7CF5F0-A15E-49B4-9F0B-98DC97B24864}.Release|Any CPU.ActiveCfg = Release|Any CPU
		{0C7CF5F0-A15E-49B4-9F0B-98DC97B24864}.Release|Any CPU.Build.0 = Release|Any CPU
		{B11C9C61-AB57-4FF8-BC13-681ED60867E7}.Debug|Any CPU.ActiveCfg = Debug|Any CPU
		{B11C9C61-AB57-4FF8-BC13-681ED60867E7}.Debug|Any CPU.Build.0 = Debug|Any CPU
		{B11C9C61-AB57-4FF8-BC13-681ED60867E7}.Release|Any CPU.ActiveCfg = Release|Any CPU
		{B11C9C61-AB57-4FF8-BC13-681ED60867E7}.Release|Any CPU.Build.0 = Release|Any CPU
	EndGlobalSection
	GlobalSection(SolutionProperties) = preSolution
		HideSolutionNode = FALSE
	EndGlobalSection
	GlobalSection(ExtensibilityGlobals) = postSolution
		SolutionGuid = {A72C8ECC-CDA2-409B-865C-4292A6EDD245}
	EndGlobalSection
EndGlobal
